{
  "nodes": {
    "andoriyu": {
      "inputs": {
        "devshell": [
          "devshell"
        ],
        "flake-utils": [
          "flake-utils"
        ],
        "nixpkgs": [
          "nixpkgs"
        ],
        "rust-overlay": [
          "rust-overlay"
        ]
      },
      "locked": {
        "lastModified": 1652746731,
        "narHash": "sha256-g0oDNjo7W/e0SRq5/QiZap80P/3RDRPhNucq0Zqr5qM=",
        "owner": "andoriyu",
        "repo": "flakes",
        "rev": "e9c81bcfdb18225a0d311393b9170c4f1479f961",
        "type": "github"
      },
      "original": {
        "owner": "andoriyu",
        "repo": "flakes",
        "type": "github"
      }
    },
    "devshell": {
      "inputs": {
        "flake-utils": [
          "flake-utils"
        ],
        "nixpkgs": [
          "nixpkgs"
        ]
      },
      "locked": {
        "lastModified": 1650900878,
        "narHash": "sha256-qhNncMBSa9STnhiLfELEQpYC1L4GrYHNIzyCZ/pilsI=",
        "owner": "numtide",
        "repo": "devshell",
        "rev": "d97df53b5ddaa1cfbea7cddbd207eb2634304733",
        "type": "github"
      },
      "original": {
        "owner": "numtide",
        "ref": "master",
        "repo": "devshell",
        "type": "github"
      }
    },
    "flake-utils": {
      "locked": {
        "lastModified": 1652733177,
        "narHash": "sha256-mRpdBbVk8tbYVgEE6oTBbFT1vkVdF7EzaP7bMQ26wWA=",
        "owner": "numtide",
        "repo": "flake-utils",
        "rev": "04b4d989fda8f14e6fcd1fee631eab9c54d15b97",
        "type": "github"
      },
      "original": {
        "owner": "numtide",
        "repo": "flake-utils",
        "type": "github"
      }
    },
    "nixpkgs": {
      "locked": {
        "lastModified": 1652659998,
        "narHash": "sha256-FqNrXC1EE6U2RACwXBlsAvg1lqQGLYpuYb6+W3DL9vA=",
        "owner": "nixos",
        "repo": "nixpkgs",
        "rev": "1d7db1b9e4cf1ee075a9f52e5c36f7b9f4207502",
        "type": "github"
      },
      "original": {
        "owner": "nixos",
        "ref": "nixos-unstable",
        "repo": "nixpkgs",
        "type": "github"
      }
    },
    "root": {
      "inputs": {
        "andoriyu": "andoriyu",
        "devshell": "devshell",
        "flake-utils": "flake-utils",
        "nixpkgs": "nixpkgs",
        "rust-overlay": "rust-overlay"
      }
    },
    "rust-overlay": {
      "inputs": {
        "flake-utils": [
          "flake-utils"
        ],
        "nixpkgs": [
          "nixpkgs"
        ]
      },
      "locked": {
        "lastModified": 1652755477,
        "narHash": "sha256-igHFY7xjIJG6R9tgz8ilxOi50nF/lo3d9jJEGTX3XIk=",
        "owner": "oxalica",
        "repo": "rust-overlay",
        "rev": "7a9b1da03a2aa9d95fdc577772982e4c70b5e750",
        "type": "github"
      },
      "original": {
        "owner": "oxalica",
        "repo": "rust-overlay",
        "type": "github"
      }
    }
  },
  "root": "root",
  "version": 7
}
