{
  "nodes": {
    "andoriyu": {
      "inputs": {
        "devshell": [
          "devshell"
        ],
        "flake-utils": [
          "flake-utils"
        ],
        "nixpkgs": [
          "nixpkgs"
        ],
        "rust-overlay": "rust-overlay"
      },
      "locked": {
        "lastModified": 1652905782,
        "narHash": "sha256-NSvixNzNwD2JRLMHnEt0OksTqYqV9+urMtYp/DNMe1g=",
        "owner": "andoriyu",
        "repo": "flakes",
        "rev": "26ac7818907a968b3bf9a14a0933562e02018011",
        "type": "github"
      },
      "original": {
        "owner": "andoriyu",
        "repo": "flakes",
        "type": "github"
      }
    },
    "devshell": {
      "inputs": {
        "flake-utils": [
          "flake-utils"
        ],
        "nixpkgs": [
          "nixpkgs"
        ]
      },
      "locked": {
        "lastModified": 1652959711,
        "narHash": "sha256-wpQhlE/NocxlU3jLiMoF1KYHOEFD5MEFJZkyXXVVef8=",
        "owner": "numtide",
        "repo": "devshell",
        "rev": "a5327cd01e58d2848c73062f2661278ad615748f",
        "type": "github"
      },
      "original": {
        "owner": "numtide",
        "ref": "master",
        "repo": "devshell",
        "type": "github"
      }
    },
    "fenix": {
      "inputs": {
        "nixpkgs": [
          "nixpkgs"
        ],
        "rust-analyzer-src": "rust-analyzer-src"
      },
      "locked": {
        "lastModified": 1652855339,
        "narHash": "sha256-Hp7AfLCs+lsr9UyVzZ5HQclUhI05sDoDu5Q17jQE8FA=",
        "owner": "nix-community",
        "repo": "fenix",
        "rev": "88728201231300347135b37132a8546769c5249a",
        "type": "github"
      },
      "original": {
        "owner": "nix-community",
        "repo": "fenix",
        "type": "github"
      }
    },
    "flake-utils": {
      "locked": {
        "lastModified": 1637014545,
        "narHash": "sha256-26IZAc5yzlD9FlDT54io1oqG/bBoyka+FJk5guaX4x4=",
        "owner": "numtide",
        "repo": "flake-utils",
        "rev": "bba5dcc8e0b20ab664967ad83d24d64cb64ec4f4",
        "type": "github"
      },
      "original": {
        "owner": "numtide",
        "repo": "flake-utils",
        "type": "github"
      }
    },
    "flake-utils_2": {
      "locked": {
        "lastModified": 1652776076,
        "narHash": "sha256-gzTw/v1vj4dOVbpBSJX4J0DwUR6LIyXo7/SuuTJp1kM=",
        "owner": "numtide",
        "repo": "flake-utils",
        "rev": "04c1b180862888302ddfb2e3ad9eaa63afc60cf8",
        "type": "github"
      },
      "original": {
        "owner": "numtide",
        "repo": "flake-utils",
        "type": "github"
      }
    },
    "nixpkgs": {
      "locked": {
        "lastModified": 1652885393,
        "narHash": "sha256-YIgvvlk4iQ1Hi7KD9o5gsojc+ApB+jiH1d5stK8uXiw=",
        "owner": "nixos",
        "repo": "nixpkgs",
        "rev": "48037fd90426e44e4bf03e6479e88a11453b9b66",
        "type": "github"
      },
      "original": {
        "owner": "nixos",
        "ref": "nixos-unstable",
        "repo": "nixpkgs",
        "type": "github"
      }
    },
    "root": {
      "inputs": {
        "andoriyu": "andoriyu",
        "devshell": "devshell",
        "fenix": "fenix",
        "flake-utils": "flake-utils_2",
        "nixpkgs": "nixpkgs"
      }
    },
    "rust-analyzer-src": {
      "flake": false,
      "locked": {
        "lastModified": 1652814078,
        "narHash": "sha256-QtJjo+H9pQm/aB+ECnqMxarEY/gkZlssUGpCx2iENPo=",
        "owner": "rust-lang",
        "repo": "rust-analyzer",
        "rev": "187bd7d48afda84d6aff578274585d9835cbd4bb",
        "type": "github"
      },
      "original": {
        "owner": "rust-lang",
        "ref": "nightly",
        "repo": "rust-analyzer",
        "type": "github"
      }
    },
    "rust-overlay": {
      "inputs": {
        "flake-utils": "flake-utils",
        "nixpkgs": [
          "andoriyu",
          "nixpkgs"
        ]
      },
      "locked": {
        "lastModified": 1653014441,
        "narHash": "sha256-6TRk5POjjevXZUzBnQ7Nlac1It4l12mEAltw5sRfQg8=",
        "owner": "oxalica",
        "repo": "rust-overlay",
        "rev": "6ae180c1af192475b29e269f10d9da2d5abec4f0",
        "type": "github"
      },
      "original": {
        "owner": "oxalica",
        "repo": "rust-overlay",
        "type": "github"
      }
    }
  },
  "root": "root",
  "version": 7
}
